
Microsoft Visual Studio Solution File, Format Version 12.00
# Visual Studio Version 17
VisualStudioVersion = 17.1.32210.238
MinimumVisualStudioVersion = 10.0.40219.1
Project("{9A19103F-16F7-4668-BE54-9A1E7A4F7556}") = "tictactoeDemo", "tictactoeDemo.csproj", "{873F8B88-BC8B-4423-B5F3-24BC621F6DA6}"
EndProject
Project("{FAE04EC0-301F-11D3-BF4B-00C04F79EFBC}") = "SpecFlowProjectTTT", "..\SpecFlowProjectTTT\SpecFlowProjectTTT.csproj", "{EE6BD3C8-A270-456B-AD79-3D0F5D14F7B2}"
EndProject
Global
	GlobalSection(SolutionConfigurationPlatforms) = preSolution
		Debug|Any CPU = Debug|Any CPU
		Release|Any CPU = Release|Any CPU
	EndGlobalSection
	GlobalSection(ProjectConfigurationPlatforms) = postSolution
		{873F8B88-BC8B-4423-B5F3-24BC621F6DA6}.Debug|Any CPU.ActiveCfg = Debug|Any CPU
		{873F8B88-BC8B-4423-B5F3-24BC621F6DA6}.Debug|Any CPU.Build.0 = Debug|Any CPU
		{873F8B88-BC8B-4423-B5F3-24BC621F6DA6}.Release|Any CPU.ActiveCfg = Release|Any CPU
		{873F8B88-BC8B-4423-B5F3-24BC621F6DA6}.Release|Any CPU.Build.0 = Release|Any CPU
		{EE6BD3C8-A270-456B-AD79-3D0F5D14F7B2}.Debug|Any CPU.ActiveCfg = Debug|Any CPU
		{EE6BD3C8-A270-456B-AD79-3D0F5D14F7B2}.Debug|Any CPU.Build.0 = Debug|Any CPU
		{EE6BD3C8-A270-456B-AD79-3D0F5D14F7B2}.Release|Any CPU.ActiveCfg = Release|Any CPU
		{EE6BD3C8-A270-456B-AD79-3D0F5D14F7B2}.Release|Any CPU.Build.0 = Release|Any CPU
	EndGlobalSection
	GlobalSection(SolutionProperties) = preSolution
		HideSolutionNode = FALSE
	EndGlobalSection
	GlobalSection(ExtensibilityGlobals) = postSolution
		SolutionGuid = {60A5B8F2-223B-4C38-805D-8037A03E690D}
	EndGlobalSection
EndGlobal
